
Microsoft Visual Studio Solution File, Format Version 12.00
# Visual Studio 15
VisualStudioVersion = 15.0.27004.2005
MinimumVisualStudioVersion = 10.0.40219.1
Project("{FAE04EC0-301F-11D3-BF4B-00C04F79EFBC}") = "TorrentClient", "TorrentClient\TorrentClient.csproj", "{BD9DFD4E-64D2-4991-868C-BB9397F396BC}"
EndProject
Global
	GlobalSection(SolutionConfigurationPlatforms) = preSolution
		Debug|Any CPU = Debug|Any CPU
		Release|Any CPU = Release|Any CPU
	EndGlobalSection
	GlobalSection(ProjectConfigurationPlatforms) = postSolution
		{BD9DFD4E-64D2-4991-868C-BB9397F396BC}.Debug|Any CPU.ActiveCfg = Debug|Any CPU
		{BD9DFD4E-64D2-4991-868C-BB9397F396BC}.Debug|Any CPU.Build.0 = Debug|Any CPU
		{BD9DFD4E-64D2-4991-868C-BB9397F396BC}.Release|Any CPU.ActiveCfg = Release|Any CPU
		{BD9DFD4E-64D2-4991-868C-BB9397F396BC}.Release|Any CPU.Build.0 = Release|Any CPU
	EndGlobalSection
	GlobalSection(SolutionProperties) = preSolution
		HideSolutionNode = FALSE
	EndGlobalSection
	GlobalSection(ExtensibilityGlobals) = postSolution
		SolutionGuid = {EDAC4466-6929-430D-BF98-16D09EE0BDB5}
	EndGlobalSection
EndGlobal
